github.com/SimplyCodin/gorouter v0.0.0-20190723054553-04d41df57e70 h1:MN/FrjESk4KGoO9AyyvQCThXOhiT5/0M1SpdSe1vBGE=
github.com/SimplyCodin/gorouter v0.0.0-20190723054553-04d41df57e70/go.mod h1:CdU2VHuvqFtTh7/2+P2RG0GrLbWs+3U/AxRM8x8O7g0=
github.com/SimplyCodin/gorouter v0.0.1 h1:c4dSLZgRRUtbKeg5qhM5igFa+yfdMGcBVhcek35nIT8=
github.com/SimplyCodin/gorouter v0.0.1/go.mod h1:CdU2VHuvqFtTh7/2+P2RG0GrLbWs+3U/AxRM8x8O7g0=
