github.com/SimplyCodin/gorouter v0.0.1/go.mod h1:CdU2VHuvqFtTh7/2+P2RG0GrLbWs+3U/AxRM8x8O7g0=
github.com/SimplyCodin/gorouter/example v0.0.0-20190723054927-02fe672f72be h1:4pWk6Pl/v2wZCNSavmdS4icphjauAgVl9YUtR1W/DDY=
github.com/SimplyCodin/gorouter/example v0.0.0-20190723054927-02fe672f72be/go.mod h1:ANvH2no98wIOS/mdPCKD9hpb01JxPI+3XaNIarUTQI8=
